// !$*UTF8*$!
{
	archiveVersion = 1;
	classes = {
	};
	objectVersion = 46;
	objects = {

/* Begin PBXBuildFile section */
		661241F31B3C074A000297C4 /* AppDelegate.swift in Sources */ = {isa = PBXBuildFile; fileRef = 661241F21B3C074A000297C4 /* AppDelegate.swift */; };
		661241F51B3C074A000297C4 /* ViewController.swift in Sources */ = {isa = PBXBuildFile; fileRef = 661241F41B3C074A000297C4 /* ViewController.swift */; };
		661241F81B3C074A000297C4 /* Main.storyboard in Resources */ = {isa = PBXBuildFile; fileRef = 661241F61B3C074A000297C4 /* Main.storyboard */; };
		661241FA1B3C074A000297C4 /* Images.xcassets in Resources */ = {isa = PBXBuildFile; fileRef = 661241F91B3C074A000297C4 /* Images.xcassets */; };
		661241FD1B3C074A000297C4 /* LaunchScreen.xib in Resources */ = {isa = PBXBuildFile; fileRef = 661241FB1B3C074A000297C4 /* LaunchScreen.xib */; };
		661242091B3C074A000297C4 /* LemonadeStandTests.swift in Sources */ = {isa = PBXBuildFile; fileRef = 661242081B3C074A000297C4 /* LemonadeStandTests.swift */; };
		661242131B3C2022000297C4 /* Supplies.swift in Sources */ = {isa = PBXBuildFile; fileRef = 661242121B3C2022000297C4 /* Supplies.swift */; };
		661242151B3C217D000297C4 /* Price.swift in Sources */ = {isa = PBXBuildFile; fileRef = 661242141B3C217D000297C4 /* Price.swift */; };
/* End PBXBuildFile section */

/* Begin PBXContainerItemProxy section */
		661242031B3C074A000297C4 /* PBXContainerItemProxy */ = {
			isa = PBXContainerItemProxy;
			containerPortal = 661241E51B3C074A000297C4 /* Project object */;
			proxyType = 1;
			remoteGlobalIDString = 661241EC1B3C074A000297C4;
			remoteInfo = LemonadeStand;
		};
/* End PBXContainerItemProxy section */

/* Begin PBXFileReference section */
		661241ED1B3C074A000297C4 /* LemonadeStand.app */ = {isa = PBXFileReference; explicitFileType = wrapper.application; includeInIndex = 0; path = LemonadeStand.app; sourceTree = BUILT_PRODUCTS_DIR; };
		661241F11B3C074A000297C4 /* Info.plist */ = {isa = PBXFileReference; lastKnownFileType = text.plist.xml; path = Info.plist; sourceTree = "<group>"; };
		661241F21B3C074A000297C4 /* AppDelegate.swift */ = {isa = PBXFileReference; lastKnownFileType = sourcecode.swift; path = AppDelegate.swift; sourceTree = "<group>"; };
		661241F41B3C074A000297C4 /* ViewController.swift */ = {isa = PBXFileReference; lastKnownFileType = sourcecode.swift; path = ViewController.swift; sourceTree = "<group>"; };
		661241F71B3C074A000297C4 /* Base */ = {isa = PBXFileReference; lastKnownFileType = file.storyboard; name = Base; path = Base.lproj/Main.storyboard; sourceTree = "<group>"; };
		661241F91B3C074A000297C4 /* Images.xcassets */ = {isa = PBXFileReference; lastKnownFileType = folder.assetcatalog; path = Images.xcassets; sourceTree = "<group>"; };
		661241FC1B3C074A000297C4 /* Base */ = {isa = PBXFileReference; lastKnownFileType = file.xib; name = Base; path = Base.lproj/LaunchScreen.xib; sourceTree = "<group>"; };
		661242021B3C074A000297C4 /* LemonadeStandTests.xctest */ = {isa = PBXFileReference; explicitFileType = wrapper.cfbundle; includeInIndex = 0; path = LemonadeStandTests.xctest; sourceTree = BUILT_PRODUCTS_DIR; };
		661242071B3C074A000297C4 /* Info.plist */ = {isa = PBXFileReference; lastKnownFileType = text.plist.xml; path = Info.plist; sourceTree = "<group>"; };
		661242081B3C074A000297C4 /* LemonadeStandTests.swift */ = {isa = PBXFileReference; lastKnownFileType = sourcecode.swift; path = LemonadeStandTests.swift; sourceTree = "<group>"; };
		661242121B3C2022000297C4 /* Supplies.swift */ = {isa = PBXFileReference; fileEncoding = 4; lastKnownFileType = sourcecode.swift; path = Supplies.swift; sourceTree = "<group>"; };
		661242141B3C217D000297C4 /* Price.swift */ = {isa = PBXFileReference; fileEncoding = 4; lastKnownFileType = sourcecode.swift; path = Price.swift; sourceTree = "<group>"; };
/* End PBXFileReference section */

/* Begin PBXFrameworksBuildPhase section */
		661241EA1B3C074A000297C4 /* Frameworks */ = {
			isa = PBXFrameworksBuildPhase;
			buildActionMask = 2147483647;
			files = (
			);
			runOnlyForDeploymentPostprocessing = 0;
		};
		661241FF1B3C074A000297C4 /* Frameworks */ = {
			isa = PBXFrameworksBuildPhase;
			buildActionMask = 2147483647;
			files = (
			);
			runOnlyForDeploymentPostprocessing = 0;
		};
/* End PBXFrameworksBuildPhase section */

/* Begin PBXGroup section */
		661241E41B3C074A000297C4 = {
			isa = PBXGroup;
			children = (
				661241EF1B3C074A000297C4 /* LemonadeStand */,
				661242051B3C074A000297C4 /* LemonadeStandTests */,
				661241EE1B3C074A000297C4 /* Products */,
			);
			sourceTree = "<group>";
		};
		661241EE1B3C074A000297C4 /* Products */ = {
			isa = PBXGroup;
			children = (
				661241ED1B3C074A000297C4 /* LemonadeStand.app */,
				661242021B3C074A000297C4 /* LemonadeStandTests.xctest */,
			);
			name = Products;
			sourceTree = "<group>";
		};
		661241EF1B3C074A000297C4 /* LemonadeStand */ = {
			isa = PBXGroup;
			children = (
				661241F21B3C074A000297C4 /* AppDelegate.swift */,
				661241F41B3C074A000297C4 /* ViewController.swift */,
				661242121B3C2022000297C4 /* Supplies.swift */,
				661242141B3C217D000297C4 /* Price.swift */,
				661241F61B3C074A000297C4 /* Main.storyboard */,
				661241F91B3C074A000297C4 /* Images.xcassets */,
				661241FB1B3C074A000297C4 /* LaunchScreen.xib */,
				661241F01B3C074A000297C4 /* Supporting Files */,
			);
			path = LemonadeStand;
			sourceTree = "<group>";
		};
		661241F01B3C074A000297C4 /* Supporting Files */ = {
			isa = PBXGroup;
			children = (
				661241F11B3C074A000297C4 /* Info.plist */,
			);
			name = "Supporting Files";
			sourceTree = "<group>";
		};
		661242051B3C074A000297C4 /* LemonadeStandTests */ = {
			isa = PBXGroup;
			children = (
				661242081B3C074A000297C4 /* LemonadeStandTests.swift */,
				661242061B3C074A000297C4 /* Supporting Files */,
			);
			path = LemonadeStandTests;
			sourceTree = "<group>";
		};
		661242061B3C074A000297C4 /* Supporting Files */ = {
			isa = PBXGroup;
			children = (
				661242071B3C074A000297C4 /* Info.plist */,
			);
			name = "Supporting Files";
			sourceTree = "<group>";
		};
/* End PBXGroup section */

/* Begin PBXNativeTarget section */
		661241EC1B3C074A000297C4 /* LemonadeStand */ = {
			isa = PBXNativeTarget;
			buildConfigurationList = 6612420C1B3C074A000297C4 /* Build configuration list for PBXNativeTarget "LemonadeStand" */;
			buildPhases = (
				661241E91B3C074A000297C4 /* Sources */,
				661241EA1B3C074A000297C4 /* Frameworks */,
				661241EB1B3C074A000297C4 /* Resources */,
			);
			buildRules = (
			);
			dependencies = (
			);
			name = LemonadeStand;
			productName = LemonadeStand;
			productReference = 661241ED1B3C074A000297C4 /* LemonadeStand.app */;
			productType = "com.apple.product-type.application";
		};
		661242011B3C074A000297C4 /* LemonadeStandTests */ = {
			isa = PBXNativeTarget;
			buildConfigurationList = 6612420F1B3C074A000297C4 /* Build configuration list for PBXNativeTarget "LemonadeStandTests" */;
			buildPhases = (
				661241FE1B3C074A000297C4 /* Sources */,
				661241FF1B3C074A000297C4 /* Frameworks */,
				661242001B3C074A000297C4 /* Resources */,
			);
			buildRules = (
			);
			dependencies = (
				661242041B3C074A000297C4 /* PBXTargetDependency */,
			);
			name = LemonadeStandTests;
			productName = LemonadeStandTests;
			productReference = 661242021B3C074A000297C4 /* LemonadeStandTests.xctest */;
			productType = "com.apple.product-type.bundle.unit-test";
		};
/* End PBXNativeTarget section */

/* Begin PBXProject section */
		661241E51B3C074A000297C4 /* Project object */ = {
			isa = PBXProject;
			attributes = {
				LastUpgradeCheck = 0630;
				ORGANIZATIONNAME = "Nowak Adam";
				TargetAttributes = {
					661241EC1B3C074A000297C4 = {
						CreatedOnToolsVersion = 6.3.2;
					};
					661242011B3C074A000297C4 = {
						CreatedOnToolsVersion = 6.3.2;
						TestTargetID = 661241EC1B3C074A000297C4;
					};
				};
			};
			buildConfigurationList = 661241E81B3C074A000297C4 /* Build configuration list for PBXProject "LemonadeStand" */;
			compatibilityVersion = "Xcode 3.2";
			developmentRegion = English;
			hasScannedForEncodings = 0;
			knownRegions = (
				en,
				Base,
			);
			mainGroup = 661241E41B3C074A000297C4;
			productRefGroup = 661241EE1B3C074A000297C4 /* Products */;
			projectDirPath = "";
			projectRoot = "";
			targets = (
				661241EC1B3C074A000297C4 /* LemonadeStand */,
				661242011B3C074A000297C4 /* LemonadeStandTests */,
			);
		};
/* End PBXProject section */

/* Begin PBXResourcesBuildPhase section */
		661241EB1B3C074A000297C4 /* Resources */ = {
			isa = PBXResourcesBuildPhase;
			buildActionMask = 2147483647;
			files = (
				661241F81B3C074A000297C4 /* Main.storyboard in Resources */,
				661241FD1B3C074A000297C4 /* LaunchScreen.xib in Resources */,
				661241FA1B3C074A000297C4 /* Images.xcassets in Resources */,
			);
			runOnlyForDeploymentPostprocessing = 0;
		};
		661242001B3C074A000297C4 /* Resources */ = {
			isa = PBXResourcesBuildPhase;
			buildActionMask = 2147483647;
			files = (
			);
			runOnlyForDeploymentPostprocessing = 0;
		};
/* End PBXResourcesBuildPhase section */

/* Begin PBXSourcesBuildPhase section */
		661241E91B3C074A000297C4 /* Sources */ = {
			isa = PBXSourcesBuildPhase;
			buildActionMask = 2147483647;
			files = (
				661241F51B3C074A000297C4 /* ViewController.swift in Sources */,
				661242151B3C217D000297C4 /* Price.swift in Sources */,
				661242131B3C2022000297C4 /* Supplies.swift in Sources */,
				661241F31B3C074A000297C4 /* AppDelegate.swift in Sources */,
			);
			runOnlyForDeploymentPostprocessing = 0;
		};
		661241FE1B3C074A000297C4 /* Sources */ = {
			isa = PBXSourcesBuildPhase;
			buildActionMask = 2147483647;
			files = (
				661242091B3C074A000297C4 /* LemonadeStandTests.swift in Sources */,
			);
			runOnlyForDeploymentPostprocessing = 0;
		};
/* End PBXSourcesBuildPhase section */

/* Begin PBXTargetDependency section */
		661242041B3C074A000297C4 /* PBXTargetDependency */ = {
			isa = PBXTargetDependency;
			target = 661241EC1B3C074A000297C4 /* LemonadeStand */;
			targetProxy = 661242031B3C074A000297C4 /* PBXContainerItemProxy */;
		};
/* End PBXTargetDependency section */

/* Begin PBXVariantGroup section */
		661241F61B3C074A000297C4 /* Main.storyboard */ = {
			isa = PBXVariantGroup;
			children = (
				661241F71B3C074A000297C4 /* Base */,
			);
			name = Main.storyboard;
			sourceTree = "<group>";
		};
		661241FB1B3C074A000297C4 /* LaunchScreen.xib */ = {
			isa = PBXVariantGroup;
			children = (
				661241FC1B3C074A000297C4 /* Base */,
			);
			name = LaunchScreen.xib;
			sourceTree = "<group>";
		};
/* End PBXVariantGroup section */

/* Begin XCBuildConfiguration section */
		6612420A1B3C074A000297C4 /* Debug */ = {
			isa = XCBuildConfiguration;
			buildSettings = {
				ALWAYS_SEARCH_USER_PATHS = NO;
				CLANG_CXX_LANGUAGE_STANDARD = "gnu++0x";
				CLANG_CXX_LIBRARY = "libc++";
				CLANG_ENABLE_MODULES = YES;
				CLANG_ENABLE_OBJC_ARC = YES;
				CLANG_WARN_BOOL_CONVERSION = YES;
				CLANG_WARN_CONSTANT_CONVERSION = YES;
				CLANG_WARN_DIRECT_OBJC_ISA_USAGE = YES_ERROR;
				CLANG_WARN_EMPTY_BODY = YES;
				CLANG_WARN_ENUM_CONVERSION = YES;
				CLANG_WARN_INT_CONVERSION = YES;
				CLANG_WARN_OBJC_ROOT_CLASS = YES_ERROR;
				CLANG_WARN_UNREACHABLE_CODE = YES;
				CLANG_WARN__DUPLICATE_METHOD_MATCH = YES;
				CODE_SIGN_IDENTITY = "-";
				"CODE_SIGN_IDENTITY[sdk=iphoneos*]" = "-";
				COPY_PHASE_STRIP = NO;
				DEBUG_INFORMATION_FORMAT = "dwarf-with-dsym";
				ENABLE_STRICT_OBJC_MSGSEND = YES;
				GCC_C_LANGUAGE_STANDARD = gnu99;
				GCC_DYNAMIC_NO_PIC = NO;
				GCC_NO_COMMON_BLOCKS = YES;
				GCC_OPTIMIZATION_LEVEL = 0;
				GCC_PREPROCESSOR_DEFINITIONS = (
					"DEBUG=1",
					"$(inherited)",
				);
				GCC_SYMBOLS_PRIVATE_EXTERN = NO;
				GCC_WARN_64_TO_32_BIT_CONVERSION = YES;
				GCC_WARN_ABOUT_RETURN_TYPE = YES_ERROR;
				GCC_WARN_UNDECLARED_SELECTOR = YES;
				GCC_WARN_UNINITIALIZED_AUTOS = YES_AGGRESSIVE;
				GCC_WARN_UNUSED_FUNCTION = YES;
				GCC_WARN_UNUSED_VARIABLE = YES;
				IPHONEOS_DEPLOYMENT_TARGET = 8.3;
				MTL_ENABLE_DEBUG_INFO = YES;
				ONLY_ACTIVE_ARCH = YES;
				SDKROOT = iphoneos;
				SWIFT_OPTIMIZATION_LEVEL = "-Onone";
				TARGETED_DEVICE_FAMILY = "1,2";
			};
			name = Debug;
		};
		6612420B1B3C074A000297C4 /* Release */ = {
			isa = XCBuildConfiguration;
			buildSettings = {
				ALWAYS_SEARCH_USER_PATHS = NO;
				CLANG_CXX_LANGUAGE_STANDARD = "gnu++0x";
				CLANG_CXX_LIBRARY = "libc++";
				CLANG_ENABLE_MODULES = YES;
				CLANG_ENABLE_OBJC_ARC = YES;
				CLANG_WARN_BOOL_CONVERSION = YES;
				CLANG_WARN_CONSTANT_CONVERSION = YES;
				CLANG_WARN_DIRECT_OBJC_ISA_USAGE = YES_ERROR;
				CLANG_WARN_EMPTY_BODY = YES;
				CLANG_WARN_ENUM_CONVERSION = YES;
				CLANG_WARN_INT_CONVERSION = YES;
				CLANG_WARN_OBJC_ROOT_CLASS = YES_ERROR;
				CLANG_WARN_UNREACHABLE_CODE = YES;
				CLANG_WARN__DUPLICATE_METHOD_MATCH = YES;
				CODE_SIGN_IDENTITY = "-";
				"CODE_SIGN_IDENTITY[sdk=iphoneos*]" = "-";
				COPY_PHASE_STRIP = NO;
				DEBUG_INFORMATION_FORMAT = "dwarf-with-dsym";
				ENABLE_NS_ASSERTIONS = NO;
				ENABLE_STRICT_OBJC_MSGSEND = YES;
				GCC_C_LANGUAGE_STANDARD = gnu99;
				GCC_NO_COMMON_BLOCKS = YES;
				GCC_WARN_64_TO_32_BIT_CONVERSION = YES;
				GCC_WARN_ABOUT_RETURN_TYPE = YES_ERROR;
				GCC_WARN_UNDECLARED_SELECTOR = YES;
				GCC_WARN_UNINITIALIZED_AUTOS = YES_AGGRESSIVE;
				GCC_WARN_UNUSED_FUNCTION = YES;
				GCC_WARN_UNUSED_VARIABLE = YES;
				IPHONEOS_DEPLOYMENT_TARGET = 8.3;
				MTL_ENABLE_DEBUG_INFO = NO;
				SDKROOT = iphoneos;
				TARGETED_DEVICE_FAMILY = "1,2";
				VALIDATE_PRODUCT = YES;
			};
			name = Release;
		};
		6612420D1B3C074A000297C4 /* Debug */ = {
			isa = XCBuildConfiguration;
			buildSettings = {
				ASSETCATALOG_COMPILER_APPICON_NAME = AppIcon;
				CODE_SIGN_IDENTITY = "-";
				INFOPLIST_FILE = LemonadeStand/Info.plist;
				IPHONEOS_DEPLOYMENT_TARGET = 7.0;
				LD_RUNPATH_SEARCH_PATHS = "$(inherited) @executable_path/Frameworks";
				PRODUCT_NAME = "$(TARGET_NAME)";
			};
			name = Debug;
		};
		6612420E1B3C074A000297C4 /* Release */ = {
			isa = XCBuildConfiguration;
			buildSettings = {
				ASSETCATALOG_COMPILER_APPICON_NAME = AppIcon;
				CODE_SIGN_IDENTITY = "-";
				INFOPLIST_FILE = LemonadeStand/Info.plist;
				IPHONEOS_DEPLOYMENT_TARGET = 7.0;
				LD_RUNPATH_SEARCH_PATHS = "$(inherited) @executable_path/Frameworks";
				PRODUCT_NAME = "$(TARGET_NAME)";
			};
			name = Release;
		};
		661242101B3C074A000297C4 /* Debug */ = {
			isa = XCBuildConfiguration;
			buildSettings = {
				BUNDLE_LOADER = "$(TEST_HOST)";
				FRAMEWORK_SEARCH_PATHS = (
					"$(SDKROOT)/Developer/Library/Frameworks",
					"$(inherited)",
				);
				GCC_PREPROCESSOR_DEFINITIONS = (
					"DEBUG=1",
					"$(inherited)",
				);
				INFOPLIST_FILE = LemonadeStandTests/Info.plist;
				LD_RUNPATH_SEARCH_PATHS = "$(inherited) @executable_path/Frameworks @loader_path/Frameworks";
				PRODUCT_NAME = "$(TARGET_NAME)";
				TEST_HOST = "$(BUILT_PRODUCTS_DIR)/LemonadeStand.app/LemonadeStand";
			};
			name = Debug;
		};
		661242111B3C074A000297C4 /* Release */ = {
			isa = XCBuildConfiguration;
			buildSettings = {
				BUNDLE_LOADER = "$(TEST_HOST)";
				FRAMEWORK_SEARCH_PATHS = (
					"$(SDKROOT)/Developer/Library/Frameworks",
					"$(inherited)",
				);
				INFOPLIST_FILE = LemonadeStandTests/Info.plist;
				LD_RUNPATH_SEARCH_PATHS = "$(inherited) @executable_path/Frameworks @loader_path/Frameworks";
				PRODUCT_NAME = "$(TARGET_NAME)";
				TEST_HOST = "$(BUILT_PRODUCTS_DIR)/LemonadeStand.app/LemonadeStand";
			};
			name = Release;
		};
/* End XCBuildConfiguration section */

/* Begin XCConfigurationList section */
		661241E81B3C074A000297C4 /* Build configuration list for PBXProject "LemonadeStand" */ = {
			isa = XCConfigurationList;
			buildConfigurations = (
				6612420A1B3C074A000297C4 /* Debug */,
				6612420B1B3C074A000297C4 /* Release */,
			);
			defaultConfigurationIsVisible = 0;
			defaultConfigurationName = Release;
		};
		6612420C1B3C074A000297C4 /* Build configuration list for PBXNativeTarget "LemonadeStand" */ = {
			isa = XCConfigurationList;
			buildConfigurations = (
				6612420D1B3C074A000297C4 /* Debug */,
				6612420E1B3C074A000297C4 /* Release */,
			);
			defaultConfigurationIsVisible = 0;
		};
		6612420F1B3C074A000297C4 /* Build configuration list for PBXNativeTarget "LemonadeStandTests" */ = {
			isa = XCConfigurationList;
			buildConfigurations = (
				661242101B3C074A000297C4 /* Debug */,
				661242111B3C074A000297C4 /* Release */,
			);
			defaultConfigurationIsVisible = 0;
		};
/* End XCConfigurationList section */
	};
	rootObject = 661241E51B3C074A000297C4 /* Project object */;
}
